
Microsoft Visual Studio Solution File, Format Version 12.00
# Visual Studio Version 17
VisualStudioVersion = 17.14.36327.8 d17.14
MinimumVisualStudioVersion = 10.0.40219.1
Project("{FAE04EC0-301F-11D3-BF4B-00C04F79EFBC}") = "UCNLPhysics", "UCNLPhysics.csproj", "{3CEF4802-7681-4B8B-904A-073514B49A91}"
EndProject
Global
	GlobalSection(SolutionConfigurationPlatforms) = preSolution
		Debug|Any CPU = Debug|Any CPU
		Release|Any CPU = Release|Any CPU
	EndGlobalSection
	GlobalSection(ProjectConfigurationPlatforms) = postSolution
		{3CEF4802-7681-4B8B-904A-073514B49A91}.Debug|Any CPU.ActiveCfg = Debug|Any CPU
		{3CEF4802-7681-4B8B-904A-073514B49A91}.Debug|Any CPU.Build.0 = Debug|Any CPU
		{3CEF4802-7681-4B8B-904A-073514B49A91}.Release|Any CPU.ActiveCfg = Release|Any CPU
		{3CEF4802-7681-4B8B-904A-073514B49A91}.Release|Any CPU.Build.0 = Release|Any CPU
	EndGlobalSection
	GlobalSection(SolutionProperties) = preSolution
		HideSolutionNode = FALSE
	EndGlobalSection
	GlobalSection(ExtensibilityGlobals) = postSolution
		SolutionGuid = {8214949F-DFF5-42F1-B05F-8D5EAFCB9E7B}
	EndGlobalSection
EndGlobal
