
Microsoft Visual Studio Solution File, Format Version 12.00
# Visual Studio 2012
Project("{FAE04EC0-301F-11D3-BF4B-00C04F79EFBC}") = "UCNLPhysics", "UCNLPhysics\UCNLPhysics.csproj", "{D7805CB9-D8FA-4F3A-B5F6-0B7F2F5D26DA}"
EndProject
Project("{FAE04EC0-301F-11D3-BF4B-00C04F79EFBC}") = "UCNLPhysics_tests", "UCNLPhysics_tests\UCNLPhysics_tests.csproj", "{DD869829-1979-471F-B236-459C9ECDF1F1}"
EndProject
Global
	GlobalSection(SolutionConfigurationPlatforms) = preSolution
		Debug|Any CPU = Debug|Any CPU
		Release|Any CPU = Release|Any CPU
	EndGlobalSection
	GlobalSection(ProjectConfigurationPlatforms) = postSolution
		{D7805CB9-D8FA-4F3A-B5F6-0B7F2F5D26DA}.Debug|Any CPU.ActiveCfg = Debug|Any CPU
		{D7805CB9-D8FA-4F3A-B5F6-0B7F2F5D26DA}.Debug|Any CPU.Build.0 = Debug|Any CPU
		{D7805CB9-D8FA-4F3A-B5F6-0B7F2F5D26DA}.Release|Any CPU.ActiveCfg = Release|Any CPU
		{D7805CB9-D8FA-4F3A-B5F6-0B7F2F5D26DA}.Release|Any CPU.Build.0 = Release|Any CPU
		{DD869829-1979-471F-B236-459C9ECDF1F1}.Debug|Any CPU.ActiveCfg = Debug|Any CPU
		{DD869829-1979-471F-B236-459C9ECDF1F1}.Debug|Any CPU.Build.0 = Debug|Any CPU
		{DD869829-1979-471F-B236-459C9ECDF1F1}.Release|Any CPU.ActiveCfg = Release|Any CPU
		{DD869829-1979-471F-B236-459C9ECDF1F1}.Release|Any CPU.Build.0 = Release|Any CPU
	EndGlobalSection
	GlobalSection(SolutionProperties) = preSolution
		HideSolutionNode = FALSE
	EndGlobalSection
EndGlobal
